
Microsoft Visual Studio Solution File, Format Version 12.00
# Visual Studio Version 17
VisualStudioVersion = 17.13.35931.197
MinimumVisualStudioVersion = 10.0.40219.1
Project("{FAE04EC0-301F-11D3-BF4B-00C04F79EFBC}") = "BaseWebApplication", "BaseWebApplication\BaseWebApplication.csproj", "{9C3C92FB-666C-447F-9861-AC6CF1B82D4D}"
EndProject
Project("{2150E333-8FDC-42A3-9474-1A3956D46DE8}") = "Template", "Template", "{02EA681E-C7D8-13C7-8484-4AC65E1B71E8}"
EndProject
Project("{2150E333-8FDC-42A3-9474-1A3956D46DE8}") = "tests", "tests", "{1CF38244-3FD5-4011-98DC-C662CEA56D96}"
EndProject
Project("{FAE04EC0-301F-11D3-BF4B-00C04F79EFBC}") = "Template.Domain", "..\Template\Template.Domain\Template.Domain.csproj", "{527F34E0-05F5-313D-1D12-DB1DC4C58311}"
EndProject
Project("{FAE04EC0-301F-11D3-BF4B-00C04F79EFBC}") = "Template.Tests", "..\Template\Tests\Template.Tests\Template.Tests.csproj", "{9895A957-DC56-7FF4-A237-D0E8693D59C2}"
EndProject
Project("{FAE04EC0-301F-11D3-BF4B-00C04F79EFBC}") = "Template.DataAccess.MsSql", "..\Template\Template.DataAccess\Template.DataAccess.MsSql.csproj", "{20A3B313-80FE-C364-C5AB-E942F2DB2F7E}"
EndProject
Global
	GlobalSection(SolutionConfigurationPlatforms) = preSolution
		Debug|Any CPU = Debug|Any CPU
		Release|Any CPU = Release|Any CPU
	EndGlobalSection
	GlobalSection(ProjectConfigurationPlatforms) = postSolution
		{9C3C92FB-666C-447F-9861-AC6CF1B82D4D}.Debug|Any CPU.ActiveCfg = Debug|Any CPU
		{9C3C92FB-666C-447F-9861-AC6CF1B82D4D}.Debug|Any CPU.Build.0 = Debug|Any CPU
		{9C3C92FB-666C-447F-9861-AC6CF1B82D4D}.Release|Any CPU.ActiveCfg = Release|Any CPU
		{9C3C92FB-666C-447F-9861-AC6CF1B82D4D}.Release|Any CPU.Build.0 = Release|Any CPU
		{527F34E0-05F5-313D-1D12-DB1DC4C58311}.Debug|Any CPU.ActiveCfg = Debug|Any CPU
		{527F34E0-05F5-313D-1D12-DB1DC4C58311}.Debug|Any CPU.Build.0 = Debug|Any CPU
		{527F34E0-05F5-313D-1D12-DB1DC4C58311}.Release|Any CPU.ActiveCfg = Release|Any CPU
		{527F34E0-05F5-313D-1D12-DB1DC4C58311}.Release|Any CPU.Build.0 = Release|Any CPU
		{9895A957-DC56-7FF4-A237-D0E8693D59C2}.Debug|Any CPU.ActiveCfg = Debug|Any CPU
		{9895A957-DC56-7FF4-A237-D0E8693D59C2}.Debug|Any CPU.Build.0 = Debug|Any CPU
		{9895A957-DC56-7FF4-A237-D0E8693D59C2}.Release|Any CPU.ActiveCfg = Release|Any CPU
		{9895A957-DC56-7FF4-A237-D0E8693D59C2}.Release|Any CPU.Build.0 = Release|Any CPU
		{20A3B313-80FE-C364-C5AB-E942F2DB2F7E}.Debug|Any CPU.ActiveCfg = Debug|Any CPU
		{20A3B313-80FE-C364-C5AB-E942F2DB2F7E}.Debug|Any CPU.Build.0 = Debug|Any CPU
		{20A3B313-80FE-C364-C5AB-E942F2DB2F7E}.Release|Any CPU.ActiveCfg = Release|Any CPU
		{20A3B313-80FE-C364-C5AB-E942F2DB2F7E}.Release|Any CPU.Build.0 = Release|Any CPU
	EndGlobalSection
	GlobalSection(SolutionProperties) = preSolution
		HideSolutionNode = FALSE
	EndGlobalSection
	GlobalSection(NestedProjects) = preSolution
		{1CF38244-3FD5-4011-98DC-C662CEA56D96} = {02EA681E-C7D8-13C7-8484-4AC65E1B71E8}
		{527F34E0-05F5-313D-1D12-DB1DC4C58311} = {02EA681E-C7D8-13C7-8484-4AC65E1B71E8}
		{9895A957-DC56-7FF4-A237-D0E8693D59C2} = {1CF38244-3FD5-4011-98DC-C662CEA56D96}
		{20A3B313-80FE-C364-C5AB-E942F2DB2F7E} = {02EA681E-C7D8-13C7-8484-4AC65E1B71E8}
	EndGlobalSection
	GlobalSection(ExtensibilityGlobals) = postSolution
		SolutionGuid = {E02E019E-5FAA-4BD9-B991-729CA23BCC1F}
	EndGlobalSection
EndGlobal
